
Microsoft Visual Studio Solution File, Format Version 12.00
# Visual Studio Version 17
VisualStudioVersion = 17.14.36202.13 d17.14
MinimumVisualStudioVersion = 10.0.40219.1
Project("{FAE04EC0-301F-11D3-BF4B-00C04F79EFBC}") = "sacramentMeetingPlanner", "sacramentMeetingPlanner\sacramentMeetingPlanner.csproj", "{277DF69B-BB51-4720-83BA-51FE9AA6837C}"
EndProject
Global
	GlobalSection(SolutionConfigurationPlatforms) = preSolution
		Debug|Any CPU = Debug|Any CPU
		Release|Any CPU = Release|Any CPU
	EndGlobalSection
	GlobalSection(ProjectConfigurationPlatforms) = postSolution
		{277DF69B-BB51-4720-83BA-51FE9AA6837C}.Debug|Any CPU.ActiveCfg = Debug|Any CPU
		{277DF69B-BB51-4720-83BA-51FE9AA6837C}.Debug|Any CPU.Build.0 = Debug|Any CPU
		{277DF69B-BB51-4720-83BA-51FE9AA6837C}.Release|Any CPU.ActiveCfg = Release|Any CPU
		{277DF69B-BB51-4720-83BA-51FE9AA6837C}.Release|Any CPU.Build.0 = Release|Any CPU
	EndGlobalSection
	GlobalSection(SolutionProperties) = preSolution
		HideSolutionNode = FALSE
	EndGlobalSection
	GlobalSection(ExtensibilityGlobals) = postSolution
		SolutionGuid = {A6627C11-E050-4986-8035-F92FA377542B}
	EndGlobalSection
EndGlobal
